<?xml version="1.0" encoding="UTF-8"?>
<CodeBlocks_project_file>
	<FileVersion major="1" minor="6"/>
	<Project>
		<Option title="LineTable"/>
		<Option makefile_is_custom="1"/>
		<Option compiler="gcc"/>
		<Option virtualFolders="CMake Files\;CMake Files\MolSpektAnalysis\;CMake Files\MolSpektAnalysis\base\;CMake Files\MolSpektAnalysis\base\about\;CMake Files\MolSpektAnalysis\base\tools\;CMake Files\MolSpektAnalysis\base\tools\datensatz\;CMake Files\MolSpektAnalysis\base\tools\structs\;CMake Files\MolSpektAnalysis\base\tools\progressions\;CMake Files\MolSpektAnalysis\base\tools\templates\;CMake Files\MolSpektAnalysis\base\tools\tools\;CMake Files\MolSpektAnalysis\base\diag_window\;CMake Files\MolSpektAnalysis\base\fitobject\;CMake Files\MolSpektAnalysis\base\mdichild\;CMake Files\MolSpektAnalysis\base\main\;CMake Files\MolSpektAnalysis\base\MainWindow\;CMake Files\MolSpektAnalysis\base\molecule\;CMake Files\MolSpektAnalysis\base\tablewindow\;CMake Files\MolSpektAnalysis\datasets\;CMake Files\MolSpektAnalysis\datasets\spectrum\;CMake Files\MolSpektAnalysis\datasets\spectrum\addspectrum\;CMake Files\MolSpektAnalysis\datasets\spectrum\spectrum\;CMake Files\MolSpektAnalysis\datasets\spectrum\spectsimulation\;CMake Files\MolSpektAnalysis\datasets\fcf\;CMake Files\MolSpektAnalysis\datasets\fitdata\;CMake Files\MolSpektAnalysis\datasets\fitdata\fitdata\;CMake Files\MolSpektAnalysis\datasets\fitdata\dialogs\;CMake Files\MolSpektAnalysis\datasets\fitdata\sortfuncs\;CMake Files\MolSpektAnalysis\datasets\fitdata\structs\;CMake Files\MolSpektAnalysis\datasets\linetable\;CMake Files\MolSpektAnalysis\datasets\termtable\;CMake Files\MolSpektAnalysis\calc\;CMake Files\MolSpektAnalysis\plots\;CMake Files\MolSpektAnalysis\plots\dataplot\;CMake Files\MolSpektAnalysis\plots\intensityhistogram\;CMake Files\MolSpektAnalysis\plots\potentialplot\;CMake Files\MolSpektAnalysis\plots\residualplot\;CMake Files\MolSpektAnalysis\plots\term_plot\;CMake Files\MolSpektAnalysis\plots\termview\;CMake Files\MolSpektAnalysis\plots\wavefuncplot\;CMake Files\MolSpektAnalysis\datareduction\;CMake Files\MolSpektAnalysis\datareduction\dunham_coefficients\;CMake Files\MolSpektAnalysis\datareduction\potential\;CMake Files\MolSpektAnalysis\datareduction\potential\montecarlosim\;CMake Files\MolSpektAnalysis\datareduction\potential\base\;CMake Files\MolSpektAnalysis\datareduction\potential\controls\;CMake Files\MolSpektAnalysis\datareduction\potential\dialogs\;CMake Files\MolSpektAnalysis\datareduction\potential\potentialtypes\;CMake Files\MolSpektAnalysis\datareduction\potential\structs\;CMake Files\MolSpektAnalysis\datareduction\potential\wavefunc\;CMake Files\MolSpektAnalysis\datareduction\residualfit\;CMake Files\..\;CMake Files\..\..\;CMake Files\..\..\..\;CMake Files\..\..\..\Qt\;CMake Files\..\..\..\Qt\5.6\;CMake Files\..\..\..\Qt\5.6\mingw49_32\;CMake Files\..\..\..\Qt\5.6\mingw49_32\lib\;CMake Files\..\..\..\Qt\5.6\mingw49_32\lib\cmake\;CMake Files\..\..\..\Qt\5.6\mingw49_32\lib\cmake\Qt5\;CMake Files\..\..\..\Qt\5.6\mingw49_32\lib\cmake\Qt5Widgets\;CMake Files\..\..\..\Qt\5.6\mingw49_32\lib\cmake\Qt5Gui\;CMake Files\..\..\..\Qt\5.6\mingw49_32\lib\cmake\Qt5Core\;CMake Files\..\..\..\Qt\5.6\mingw49_32\lib\cmake\Qt5PrintSupport\;CMake Files\ClassCluster\;CMake Files\ClassCluster\ClassCluster\;"/>
		<Build>
			<Target title="all">
				<Option working_dir="C:/Users/Alexa/Physics/MolSpektAnalysis/datasets/linetable"/>
				<Option type="4"/>
				<MakeCommands>
					<Build command="C:/Qt/Tools/mingw492_32/bin/mingw32-make.exe -f &quot;C:/Users/Alexa/Physics/MolSpektAnalysis/datasets/linetable/Makefile&quot;  VERBOSE=1 all"/>
					<CompileFile command="C:/Qt/Tools/mingw492_32/bin/mingw32-make.exe -f &quot;C:/Users/Alexa/Physics/MolSpektAnalysis/datasets/linetable/Makefile&quot;  VERBOSE=1 &quot;$file&quot;"/>
					<Clean command="C:/Qt/Tools/mingw492_32/bin/mingw32-make.exe -f &quot;C:/Users/Alexa/Physics/MolSpektAnalysis/datasets/linetable/Makefile&quot;  VERBOSE=1 clean"/>
					<DistClean command="C:/Qt/Tools/mingw492_32/bin/mingw32-make.exe -f &quot;C:/Users/Alexa/Physics/MolSpektAnalysis/datasets/linetable/Makefile&quot;  VERBOSE=1 clean"/>
				</MakeCommands>
			</Target>
			<Target title="LineTable">
				<Option output="C:/Users/Alexa/Physics/MolSpektAnalysis/datasets/linetable/libLineTable.a" prefix_auto="0" extension_auto="0"/>
				<Option working_dir="C:/Users/Alexa/Physics/MolSpektAnalysis/datasets/linetable"/>
				<Option object_output="./"/>
				<Option type="2"/>
				<Option compiler="gcc"/>
				<Compiler>
					<Add option="-DQT_WIDGETS_LIB"/>
					<Add option="-DQT_GUI_LIB"/>
					<Add option="-DQT_CORE_LIB"/>
					<Add option="-DQT_NO_DEBUG"/>
					<Add option="-DQT_PRINTSUPPORT_LIB"/>
					<Add directory="C:/Users/Alexa/Physics/MolSpektAnalysis/datasets/linetable/LineTable_autogen/include"/>
					<Add directory="C:/Users/Alexa/Physics/MolSpektAnalysis/datasets/linetable/include"/>
					<Add directory="C:/Users/Alexa/Physics/MolSpektAnalysis/base/molecule/include"/>
					<Add directory="C:/Users/Alexa/Physics/MolSpektAnalysis/base/mdichild/include"/>
					<Add directory="C:/Users/Alexa/Physics/MolSpektAnalysis/base/MainWindow/include"/>
					<Add directory="C:/Users/Alexa/Physics/MolSpektAnalysis/base/about/include"/>
					<Add directory="C:/Users/Alexa/Physics/MolSpektAnalysis/base/tools/tools/include"/>
					<Add directory="C:/Users/Alexa/Physics/MolSpektAnalysis/base/tools/datensatz/include"/>
					<Add directory="C:/Users/Alexa/Physics/MolSpektAnalysis/base/tools/progressions/include"/>
					<Add directory="C:/Users/Alexa/Physics/MolSpektAnalysis/base/tools/structs/include"/>
					<Add directory="C:/Users/Alexa/Physics/MolSpektAnalysis/datasets/fitdata/structs"/>
					<Add directory="C:/Users/Alexa/Physics/MolSpektAnalysis/datasets/spectrum/addspectrum/include"/>
					<Add directory="C:/Users/Alexa/Physics/MolSpektAnalysis/base/diag_window/include"/>
					<Add directory="C:/Users/Alexa/Physics/MolSpektAnalysis/plots/dataplot/include"/>
					<Add directory="C:/Users/Alexa/Physics/MolSpektAnalysis/datareduction/dunham_coefficients/include"/>
					<Add directory="C:/Users/Alexa/Physics/MolSpektAnalysis/calc/include"/>
					<Add directory="C:/Users/Alexa/Physics/MolSpektAnalysis/plots/potentialplot/include"/>
					<Add directory="C:/Users/Alexa/Physics/MolSpektAnalysis/datareduction/residualfit/include"/>
					<Add directory="C:/Users/Alexa/Physics/MolSpektAnalysis/base/fitobject/include"/>
					<Add directory="C:/Users/Alexa/Physics/MolSpektAnalysis/datasets/spectrum/spectrum/include"/>
					<Add directory="C:/Users/Alexa/Physics/MolSpektAnalysis/datasets/fcf/include"/>
					<Add directory="C:/Users/Alexa/Physics/MolSpektAnalysis/base/tablewindow/include"/>
					<Add directory="C:/Users/Alexa/Physics/MolSpektAnalysis/datareduction/potential/wavefunc/include"/>
					<Add directory="C:/Users/Alexa/Physics/MolSpektAnalysis/datasets/spectrum/spectsimulation/include"/>
					<Add directory="C:/Users/Alexa/Physics/MolSpektAnalysis/datareduction/potential/base/include"/>
					<Add directory="C:/Users/Alexa/Physics/MolSpektAnalysis/datareduction/potential/montecarlosim/include"/>
					<Add directory="C:/Users/Alexa/Physics/MolSpektAnalysis/datareduction/potential/dialogs/include"/>
					<Add directory="C:/Users/Alexa/Physics/MolSpektAnalysis/datareduction/potential/structs/include"/>
					<Add directory="C:/Users/Alexa/Physics/MolSpektAnalysis/datareduction/potential/potentialtypes/include"/>
					<Add directory="C:/Users/Alexa/Physics/MolSpektAnalysis/base/tools/templates/include"/>
					<Add directory="C:/Users/Alexa/Physics/MolSpektAnalysis/plots/term_plot/include"/>
					<Add directory="C:/Users/Alexa/Physics/MolSpektAnalysis/datasets/fitdata/fitdata/include"/>
					<Add directory="C:/Users/Alexa/Physics/MolSpektAnalysis/datasets/fitdata/dialogs/include"/>
					<Add directory="C:/Users/Alexa/Physics/MolSpektAnalysis/datasets/fitdata/sortfuncs/include"/>
					<Add directory="C:/Users/Alexa/Physics/MolSpektAnalysis/plots/intensityhistogram/include"/>
					<Add directory="C:/Users/Alexa/Physics/MolSpektAnalysis/datareduction/potential/controls/include"/>
					<Add directory="C:/Users/Alexa/Physics/MolSpektAnalysis/plots/residualplot/include"/>
					<Add directory="C:/Users/Alexa/Physics/MolSpektAnalysis/datasets/termtable/include"/>
					<Add directory="C:/Users/Alexa/Physics/MolSpektAnalysis/plots/termview/include"/>
					<Add directory="C:/Users/Alexa/Physics/MolSpektAnalysis/plots/wavefuncplot/include"/>
					<Add directory="C:/Qt/5.6/mingw49_32/include"/>
					<Add directory="C:/Qt/5.6/mingw49_32/include/QtWidgets"/>
					<Add directory="C:/Qt/5.6/mingw49_32/include/QtGui"/>
					<Add directory="C:/Qt/5.6/mingw49_32/include/QtCore"/>
					<Add directory="C:/Qt/5.6/mingw49_32/./mkspecs/win32-g++"/>
					<Add directory="C:/Qt/5.6/mingw49_32/include/QtPrintSupport"/>
				</Compiler>
				<MakeCommands>
					<Build command="C:/Qt/Tools/mingw492_32/bin/mingw32-make.exe -f &quot;C:/Users/Alexa/Physics/MolSpektAnalysis/datasets/linetable/Makefile&quot;  VERBOSE=1 LineTable"/>
					<CompileFile command="C:/Qt/Tools/mingw492_32/bin/mingw32-make.exe -f &quot;C:/Users/Alexa/Physics/MolSpektAnalysis/datasets/linetable/Makefile&quot;  VERBOSE=1 &quot;$file&quot;"/>
					<Clean command="C:/Qt/Tools/mingw492_32/bin/mingw32-make.exe -f &quot;C:/Users/Alexa/Physics/MolSpektAnalysis/datasets/linetable/Makefile&quot;  VERBOSE=1 clean"/>
					<DistClean command="C:/Qt/Tools/mingw492_32/bin/mingw32-make.exe -f &quot;C:/Users/Alexa/Physics/MolSpektAnalysis/datasets/linetable/Makefile&quot;  VERBOSE=1 clean"/>
				</MakeCommands>
			</Target>
			<Target title="LineTable/fast">
				<Option output="C:/Users/Alexa/Physics/MolSpektAnalysis/datasets/linetable/libLineTable.a" prefix_auto="0" extension_auto="0"/>
				<Option working_dir="C:/Users/Alexa/Physics/MolSpektAnalysis/datasets/linetable"/>
				<Option object_output="./"/>
				<Option type="2"/>
				<Option compiler="gcc"/>
				<Compiler>
					<Add option="-DQT_WIDGETS_LIB"/>
					<Add option="-DQT_GUI_LIB"/>
					<Add option="-DQT_CORE_LIB"/>
					<Add option="-DQT_NO_DEBUG"/>
					<Add option="-DQT_PRINTSUPPORT_LIB"/>
					<Add directory="C:/Users/Alexa/Physics/MolSpektAnalysis/datasets/linetable/LineTable_autogen/include"/>
					<Add directory="C:/Users/Alexa/Physics/MolSpektAnalysis/datasets/linetable/include"/>
					<Add directory="C:/Users/Alexa/Physics/MolSpektAnalysis/base/molecule/include"/>
					<Add directory="C:/Users/Alexa/Physics/MolSpektAnalysis/base/mdichild/include"/>
					<Add directory="C:/Users/Alexa/Physics/MolSpektAnalysis/base/MainWindow/include"/>
					<Add directory="C:/Users/Alexa/Physics/MolSpektAnalysis/base/about/include"/>
					<Add directory="C:/Users/Alexa/Physics/MolSpektAnalysis/base/tools/tools/include"/>
					<Add directory="C:/Users/Alexa/Physics/MolSpektAnalysis/base/tools/datensatz/include"/>
					<Add directory="C:/Users/Alexa/Physics/MolSpektAnalysis/base/tools/progressions/include"/>
					<Add directory="C:/Users/Alexa/Physics/MolSpektAnalysis/base/tools/structs/include"/>
					<Add directory="C:/Users/Alexa/Physics/MolSpektAnalysis/datasets/fitdata/structs"/>
					<Add directory="C:/Users/Alexa/Physics/MolSpektAnalysis/datasets/spectrum/addspectrum/include"/>
					<Add directory="C:/Users/Alexa/Physics/MolSpektAnalysis/base/diag_window/include"/>
					<Add directory="C:/Users/Alexa/Physics/MolSpektAnalysis/plots/dataplot/include"/>
					<Add directory="C:/Users/Alexa/Physics/MolSpektAnalysis/datareduction/dunham_coefficients/include"/>
					<Add directory="C:/Users/Alexa/Physics/MolSpektAnalysis/calc/include"/>
					<Add directory="C:/Users/Alexa/Physics/MolSpektAnalysis/plots/potentialplot/include"/>
					<Add directory="C:/Users/Alexa/Physics/MolSpektAnalysis/datareduction/residualfit/include"/>
					<Add directory="C:/Users/Alexa/Physics/MolSpektAnalysis/base/fitobject/include"/>
					<Add directory="C:/Users/Alexa/Physics/MolSpektAnalysis/datasets/spectrum/spectrum/include"/>
					<Add directory="C:/Users/Alexa/Physics/MolSpektAnalysis/datasets/fcf/include"/>
					<Add directory="C:/Users/Alexa/Physics/MolSpektAnalysis/base/tablewindow/include"/>
					<Add directory="C:/Users/Alexa/Physics/MolSpektAnalysis/datareduction/potential/wavefunc/include"/>
					<Add directory="C:/Users/Alexa/Physics/MolSpektAnalysis/datasets/spectrum/spectsimulation/include"/>
					<Add directory="C:/Users/Alexa/Physics/MolSpektAnalysis/datareduction/potential/base/include"/>
					<Add directory="C:/Users/Alexa/Physics/MolSpektAnalysis/datareduction/potential/montecarlosim/include"/>
					<Add directory="C:/Users/Alexa/Physics/MolSpektAnalysis/datareduction/potential/dialogs/include"/>
					<Add directory="C:/Users/Alexa/Physics/MolSpektAnalysis/datareduction/potential/structs/include"/>
					<Add directory="C:/Users/Alexa/Physics/MolSpektAnalysis/datareduction/potential/potentialtypes/include"/>
					<Add directory="C:/Users/Alexa/Physics/MolSpektAnalysis/base/tools/templates/include"/>
					<Add directory="C:/Users/Alexa/Physics/MolSpektAnalysis/plots/term_plot/include"/>
					<Add directory="C:/Users/Alexa/Physics/MolSpektAnalysis/datasets/fitdata/fitdata/include"/>
					<Add directory="C:/Users/Alexa/Physics/MolSpektAnalysis/datasets/fitdata/dialogs/include"/>
					<Add directory="C:/Users/Alexa/Physics/MolSpektAnalysis/datasets/fitdata/sortfuncs/include"/>
					<Add directory="C:/Users/Alexa/Physics/MolSpektAnalysis/plots/intensityhistogram/include"/>
					<Add directory="C:/Users/Alexa/Physics/MolSpektAnalysis/datareduction/potential/controls/include"/>
					<Add directory="C:/Users/Alexa/Physics/MolSpektAnalysis/plots/residualplot/include"/>
					<Add directory="C:/Users/Alexa/Physics/MolSpektAnalysis/datasets/termtable/include"/>
					<Add directory="C:/Users/Alexa/Physics/MolSpektAnalysis/plots/termview/include"/>
					<Add directory="C:/Users/Alexa/Physics/MolSpektAnalysis/plots/wavefuncplot/include"/>
					<Add directory="C:/Qt/5.6/mingw49_32/include"/>
					<Add directory="C:/Qt/5.6/mingw49_32/include/QtWidgets"/>
					<Add directory="C:/Qt/5.6/mingw49_32/include/QtGui"/>
					<Add directory="C:/Qt/5.6/mingw49_32/include/QtCore"/>
					<Add directory="C:/Qt/5.6/mingw49_32/./mkspecs/win32-g++"/>
					<Add directory="C:/Qt/5.6/mingw49_32/include/QtPrintSupport"/>
				</Compiler>
				<MakeCommands>
					<Build command="C:/Qt/Tools/mingw492_32/bin/mingw32-make.exe -f &quot;C:/Users/Alexa/Physics/MolSpektAnalysis/datasets/linetable/Makefile&quot;  VERBOSE=1 LineTable/fast"/>
					<CompileFile command="C:/Qt/Tools/mingw492_32/bin/mingw32-make.exe -f &quot;C:/Users/Alexa/Physics/MolSpektAnalysis/datasets/linetable/Makefile&quot;  VERBOSE=1 &quot;$file&quot;"/>
					<Clean command="C:/Qt/Tools/mingw492_32/bin/mingw32-make.exe -f &quot;C:/Users/Alexa/Physics/MolSpektAnalysis/datasets/linetable/Makefile&quot;  VERBOSE=1 clean"/>
					<DistClean command="C:/Qt/Tools/mingw492_32/bin/mingw32-make.exe -f &quot;C:/Users/Alexa/Physics/MolSpektAnalysis/datasets/linetable/Makefile&quot;  VERBOSE=1 clean"/>
				</MakeCommands>
			</Target>
			<Target title="LineTable_autogen">
				<Option working_dir="C:/Users/Alexa/Physics/MolSpektAnalysis/datasets/linetable"/>
				<Option type="4"/>
				<MakeCommands>
					<Build command="C:/Qt/Tools/mingw492_32/bin/mingw32-make.exe -f &quot;C:/Users/Alexa/Physics/MolSpektAnalysis/datasets/linetable/Makefile&quot;  VERBOSE=1 LineTable_autogen"/>
					<CompileFile command="C:/Qt/Tools/mingw492_32/bin/mingw32-make.exe -f &quot;C:/Users/Alexa/Physics/MolSpektAnalysis/datasets/linetable/Makefile&quot;  VERBOSE=1 &quot;$file&quot;"/>
					<Clean command="C:/Qt/Tools/mingw492_32/bin/mingw32-make.exe -f &quot;C:/Users/Alexa/Physics/MolSpektAnalysis/datasets/linetable/Makefile&quot;  VERBOSE=1 clean"/>
					<DistClean command="C:/Qt/Tools/mingw492_32/bin/mingw32-make.exe -f &quot;C:/Users/Alexa/Physics/MolSpektAnalysis/datasets/linetable/Makefile&quot;  VERBOSE=1 clean"/>
				</MakeCommands>
			</Target>
		</Build>
		<Unit filename="C:/Users/Alexa/Physics/MolSpektAnalysis/datasets/linetable/LineTable_autogen/mocs_compilation.cpp">
			<Option target="LineTable"/>
		</Unit>
		<Unit filename="C:/Users/Alexa/Physics/MolSpektAnalysis/datasets/linetable/fspdiag.cpp">
			<Option target="LineTable"/>
		</Unit>
		<Unit filename="C:/Users/Alexa/Physics/MolSpektAnalysis/datasets/linetable/include/fspdiag.h">
			<Option target="LineTable"/>
		</Unit>
		<Unit filename="C:/Users/Alexa/Physics/MolSpektAnalysis/datasets/linetable/include/linetable.h">
			<Option target="LineTable"/>
		</Unit>
		<Unit filename="C:/Users/Alexa/Physics/MolSpektAnalysis/datasets/linetable/include/linetablesortfunctions.h">
			<Option target="LineTable"/>
		</Unit>
		<Unit filename="C:/Users/Alexa/Physics/MolSpektAnalysis/datasets/linetable/include/tableline.h">
			<Option target="LineTable"/>
		</Unit>
		<Unit filename="C:/Users/Alexa/Physics/MolSpektAnalysis/datasets/linetable/include/termenergy.h">
			<Option target="LineTable"/>
		</Unit>
		<Unit filename="C:/Users/Alexa/Physics/MolSpektAnalysis/datasets/linetable/linetable.cpp">
			<Option target="LineTable"/>
		</Unit>
		<Unit filename="C:/Users/Alexa/Physics/MolSpektAnalysis/datasets/linetable/linetablesortfunctions.cpp">
			<Option target="LineTable"/>
		</Unit>
		<Unit filename="C:/Users/Alexa/Physics/MolSpektAnalysis/datasets/linetable/questionbox.cpp">
			<Option target="LineTable"/>
		</Unit>
		<Unit filename="C:/Users/Alexa/Physics/MolSpektAnalysis/datasets/linetable/questionbox.h">
			<Option target="LineTable"/>
		</Unit>
		<Unit filename="C:/Users/Alexa/Physics/MolSpektAnalysis/datasets/linetable/vsolistelement.h">
			<Option target="LineTable"/>
		</Unit>
		<Unit filename="C:/Users/Alexa/Physics/CMakeLists.txt">
			<Option virtualFolder="CMake Files\"/>
		</Unit>
		<Unit filename="C:/Users/Alexa/Physics/MolSpektAnalysis/CMakeLists.txt">
			<Option virtualFolder="CMake Files\MolSpektAnalysis\"/>
		</Unit>
		<Unit filename="C:/Users/Alexa/Physics/MolSpektAnalysis/base/CMakeLists.txt">
			<Option virtualFolder="CMake Files\MolSpektAnalysis\base\"/>
		</Unit>
		<Unit filename="C:/Users/Alexa/Physics/MolSpektAnalysis/base/about/CMakeLists.txt">
			<Option virtualFolder="CMake Files\MolSpektAnalysis\base\about\"/>
		</Unit>
		<Unit filename="C:/Users/Alexa/Physics/MolSpektAnalysis/base/tools/CMakeLists.txt">
			<Option virtualFolder="CMake Files\MolSpektAnalysis\base\tools\"/>
		</Unit>
		<Unit filename="C:/Users/Alexa/Physics/MolSpektAnalysis/base/tools/datensatz/CMakeLists.txt">
			<Option virtualFolder="CMake Files\MolSpektAnalysis\base\tools\datensatz\"/>
		</Unit>
		<Unit filename="C:/Users/Alexa/Physics/MolSpektAnalysis/base/tools/structs/CMakeLists.txt">
			<Option virtualFolder="CMake Files\MolSpektAnalysis\base\tools\structs\"/>
		</Unit>
		<Unit filename="C:/Users/Alexa/Physics/MolSpektAnalysis/base/tools/progressions/CMakeLists.txt">
			<Option virtualFolder="CMake Files\MolSpektAnalysis\base\tools\progressions\"/>
		</Unit>
		<Unit filename="C:/Users/Alexa/Physics/MolSpektAnalysis/base/tools/templates/CMakeLists.txt">
			<Option virtualFolder="CMake Files\MolSpektAnalysis\base\tools\templates\"/>
		</Unit>
		<Unit filename="C:/Users/Alexa/Physics/MolSpektAnalysis/base/tools/tools/CMakeLists.txt">
			<Option virtualFolder="CMake Files\MolSpektAnalysis\base\tools\tools\"/>
		</Unit>
		<Unit filename="C:/Users/Alexa/Physics/MolSpektAnalysis/base/diag_window/CMakeLists.txt">
			<Option virtualFolder="CMake Files\MolSpektAnalysis\base\diag_window\"/>
		</Unit>
		<Unit filename="C:/Users/Alexa/Physics/MolSpektAnalysis/base/fitobject/CMakeLists.txt">
			<Option virtualFolder="CMake Files\MolSpektAnalysis\base\fitobject\"/>
		</Unit>
		<Unit filename="C:/Users/Alexa/Physics/MolSpektAnalysis/base/mdichild/CMakeLists.txt">
			<Option virtualFolder="CMake Files\MolSpektAnalysis\base\mdichild\"/>
		</Unit>
		<Unit filename="C:/Users/Alexa/Physics/MolSpektAnalysis/base/main/CMakeLists.txt">
			<Option virtualFolder="CMake Files\MolSpektAnalysis\base\main\"/>
		</Unit>
		<Unit filename="C:/Users/Alexa/Physics/MolSpektAnalysis/base/MainWindow/CMakeLists.txt">
			<Option virtualFolder="CMake Files\MolSpektAnalysis\base\MainWindow\"/>
		</Unit>
		<Unit filename="C:/Users/Alexa/Physics/MolSpektAnalysis/base/molecule/CMakeLists.txt">
			<Option virtualFolder="CMake Files\MolSpektAnalysis\base\molecule\"/>
		</Unit>
		<Unit filename="C:/Users/Alexa/Physics/MolSpektAnalysis/base/tablewindow/CMakeLists.txt">
			<Option virtualFolder="CMake Files\MolSpektAnalysis\base\tablewindow\"/>
		</Unit>
		<Unit filename="C:/Users/Alexa/Physics/MolSpektAnalysis/datasets/CMakeLists.txt">
			<Option virtualFolder="CMake Files\MolSpektAnalysis\datasets\"/>
		</Unit>
		<Unit filename="C:/Users/Alexa/Physics/MolSpektAnalysis/datasets/spectrum/CMakeLists.txt">
			<Option virtualFolder="CMake Files\MolSpektAnalysis\datasets\spectrum\"/>
		</Unit>
		<Unit filename="C:/Users/Alexa/Physics/MolSpektAnalysis/datasets/spectrum/addspectrum/CMakeLists.txt">
			<Option virtualFolder="CMake Files\MolSpektAnalysis\datasets\spectrum\addspectrum\"/>
		</Unit>
		<Unit filename="C:/Users/Alexa/Physics/MolSpektAnalysis/datasets/spectrum/spectrum/CMakeLists.txt">
			<Option virtualFolder="CMake Files\MolSpektAnalysis\datasets\spectrum\spectrum\"/>
		</Unit>
		<Unit filename="C:/Users/Alexa/Physics/MolSpektAnalysis/datasets/spectrum/spectsimulation/CMakeLists.txt">
			<Option virtualFolder="CMake Files\MolSpektAnalysis\datasets\spectrum\spectsimulation\"/>
		</Unit>
		<Unit filename="C:/Users/Alexa/Physics/MolSpektAnalysis/datasets/fcf/CMakeLists.txt">
			<Option virtualFolder="CMake Files\MolSpektAnalysis\datasets\fcf\"/>
		</Unit>
		<Unit filename="C:/Users/Alexa/Physics/MolSpektAnalysis/datasets/fitdata/CMakeLists.txt">
			<Option virtualFolder="CMake Files\MolSpektAnalysis\datasets\fitdata\"/>
		</Unit>
		<Unit filename="C:/Users/Alexa/Physics/MolSpektAnalysis/datasets/fitdata/fitdata/CMakeLists.txt">
			<Option virtualFolder="CMake Files\MolSpektAnalysis\datasets\fitdata\fitdata\"/>
		</Unit>
		<Unit filename="C:/Users/Alexa/Physics/MolSpektAnalysis/datasets/fitdata/dialogs/CMakeLists.txt">
			<Option virtualFolder="CMake Files\MolSpektAnalysis\datasets\fitdata\dialogs\"/>
		</Unit>
		<Unit filename="C:/Users/Alexa/Physics/MolSpektAnalysis/datasets/fitdata/sortfuncs/CMakeLists.txt">
			<Option virtualFolder="CMake Files\MolSpektAnalysis\datasets\fitdata\sortfuncs\"/>
		</Unit>
		<Unit filename="C:/Users/Alexa/Physics/MolSpektAnalysis/datasets/fitdata/structs/CMakeLists.txt">
			<Option virtualFolder="CMake Files\MolSpektAnalysis\datasets\fitdata\structs\"/>
		</Unit>
		<Unit filename="C:/Users/Alexa/Physics/MolSpektAnalysis/datasets/linetable/CMakeLists.txt">
			<Option virtualFolder="CMake Files\MolSpektAnalysis\datasets\linetable\"/>
		</Unit>
		<Unit filename="C:/Users/Alexa/Physics/MolSpektAnalysis/datasets/termtable/CMakeLists.txt">
			<Option virtualFolder="CMake Files\MolSpektAnalysis\datasets\termtable\"/>
		</Unit>
		<Unit filename="C:/Users/Alexa/Physics/MolSpektAnalysis/calc/CMakeLists.txt">
			<Option virtualFolder="CMake Files\MolSpektAnalysis\calc\"/>
		</Unit>
		<Unit filename="C:/Users/Alexa/Physics/MolSpektAnalysis/plots/CMakeLists.txt">
			<Option virtualFolder="CMake Files\MolSpektAnalysis\plots\"/>
		</Unit>
		<Unit filename="C:/Users/Alexa/Physics/MolSpektAnalysis/plots/dataplot/CMakeLists.txt">
			<Option virtualFolder="CMake Files\MolSpektAnalysis\plots\dataplot\"/>
		</Unit>
		<Unit filename="C:/Users/Alexa/Physics/MolSpektAnalysis/plots/intensityhistogram/CMakeLists.txt">
			<Option virtualFolder="CMake Files\MolSpektAnalysis\plots\intensityhistogram\"/>
		</Unit>
		<Unit filename="C:/Users/Alexa/Physics/MolSpektAnalysis/plots/potentialplot/CMakeLists.txt">
			<Option virtualFolder="CMake Files\MolSpektAnalysis\plots\potentialplot\"/>
		</Unit>
		<Unit filename="C:/Users/Alexa/Physics/MolSpektAnalysis/plots/residualplot/CMakeLists.txt">
			<Option virtualFolder="CMake Files\MolSpektAnalysis\plots\residualplot\"/>
		</Unit>
		<Unit filename="C:/Users/Alexa/Physics/MolSpektAnalysis/plots/term_plot/CMakeLists.txt">
			<Option virtualFolder="CMake Files\MolSpektAnalysis\plots\term_plot\"/>
		</Unit>
		<Unit filename="C:/Users/Alexa/Physics/MolSpektAnalysis/plots/termview/CMakeLists.txt">
			<Option virtualFolder="CMake Files\MolSpektAnalysis\plots\termview\"/>
		</Unit>
		<Unit filename="C:/Users/Alexa/Physics/MolSpektAnalysis/plots/wavefuncplot/CMakeLists.txt">
			<Option virtualFolder="CMake Files\MolSpektAnalysis\plots\wavefuncplot\"/>
		</Unit>
		<Unit filename="C:/Users/Alexa/Physics/MolSpektAnalysis/datareduction/CMakeLists.txt">
			<Option virtualFolder="CMake Files\MolSpektAnalysis\datareduction\"/>
		</Unit>
		<Unit filename="C:/Users/Alexa/Physics/MolSpektAnalysis/datareduction/dunham_coefficients/CMakeLists.txt">
			<Option virtualFolder="CMake Files\MolSpektAnalysis\datareduction\dunham_coefficients\"/>
		</Unit>
		<Unit filename="C:/Users/Alexa/Physics/MolSpektAnalysis/datareduction/potential/CMakeLists.txt">
			<Option virtualFolder="CMake Files\MolSpektAnalysis\datareduction\potential\"/>
		</Unit>
		<Unit filename="C:/Users/Alexa/Physics/MolSpektAnalysis/datareduction/potential/montecarlosim/CMakeLists.txt">
			<Option virtualFolder="CMake Files\MolSpektAnalysis\datareduction\potential\montecarlosim\"/>
		</Unit>
		<Unit filename="C:/Users/Alexa/Physics/MolSpektAnalysis/datareduction/potential/base/CMakeLists.txt">
			<Option virtualFolder="CMake Files\MolSpektAnalysis\datareduction\potential\base\"/>
		</Unit>
		<Unit filename="C:/Users/Alexa/Physics/MolSpektAnalysis/datareduction/potential/controls/CMakeLists.txt">
			<Option virtualFolder="CMake Files\MolSpektAnalysis\datareduction\potential\controls\"/>
		</Unit>
		<Unit filename="C:/Users/Alexa/Physics/MolSpektAnalysis/datareduction/potential/dialogs/CMakeLists.txt">
			<Option virtualFolder="CMake Files\MolSpektAnalysis\datareduction\potential\dialogs\"/>
		</Unit>
		<Unit filename="C:/Users/Alexa/Physics/MolSpektAnalysis/datareduction/potential/potentialtypes/CMakeLists.txt">
			<Option virtualFolder="CMake Files\MolSpektAnalysis\datareduction\potential\potentialtypes\"/>
		</Unit>
		<Unit filename="C:/Users/Alexa/Physics/MolSpektAnalysis/datareduction/potential/structs/CMakeLists.txt">
			<Option virtualFolder="CMake Files\MolSpektAnalysis\datareduction\potential\structs\"/>
		</Unit>
		<Unit filename="C:/Users/Alexa/Physics/MolSpektAnalysis/datareduction/potential/wavefunc/CMakeLists.txt">
			<Option virtualFolder="CMake Files\MolSpektAnalysis\datareduction\potential\wavefunc\"/>
		</Unit>
		<Unit filename="C:/Users/Alexa/Physics/MolSpektAnalysis/datareduction/residualfit/CMakeLists.txt">
			<Option virtualFolder="CMake Files\MolSpektAnalysis\datareduction\residualfit\"/>
		</Unit>
		<Unit filename="C:/Users/Alexa/Physics/../../../Qt/5.6/mingw49_32/lib/cmake/Qt5/Qt5Config.cmake">
			<Option virtualFolder="CMake Files\..\..\..\Qt\5.6\mingw49_32\lib\cmake\Qt5\"/>
		</Unit>
		<Unit filename="C:/Users/Alexa/Physics/../../../Qt/5.6/mingw49_32/lib/cmake/Qt5/Qt5ConfigVersion.cmake">
			<Option virtualFolder="CMake Files\..\..\..\Qt\5.6\mingw49_32\lib\cmake\Qt5\"/>
		</Unit>
		<Unit filename="C:/Users/Alexa/Physics/../../../Qt/5.6/mingw49_32/lib/cmake/Qt5Widgets/Qt5WidgetsConfig.cmake">
			<Option virtualFolder="CMake Files\..\..\..\Qt\5.6\mingw49_32\lib\cmake\Qt5Widgets\"/>
		</Unit>
		<Unit filename="C:/Users/Alexa/Physics/../../../Qt/5.6/mingw49_32/lib/cmake/Qt5Widgets/Qt5WidgetsConfigExtras.cmake">
			<Option virtualFolder="CMake Files\..\..\..\Qt\5.6\mingw49_32\lib\cmake\Qt5Widgets\"/>
		</Unit>
		<Unit filename="C:/Users/Alexa/Physics/../../../Qt/5.6/mingw49_32/lib/cmake/Qt5Widgets/Qt5WidgetsConfigVersion.cmake">
			<Option virtualFolder="CMake Files\..\..\..\Qt\5.6\mingw49_32\lib\cmake\Qt5Widgets\"/>
		</Unit>
		<Unit filename="C:/Users/Alexa/Physics/../../../Qt/5.6/mingw49_32/lib/cmake/Qt5Widgets/Qt5WidgetsMacros.cmake">
			<Option virtualFolder="CMake Files\..\..\..\Qt\5.6\mingw49_32\lib\cmake\Qt5Widgets\"/>
		</Unit>
		<Unit filename="C:/Users/Alexa/Physics/../../../Qt/5.6/mingw49_32/lib/cmake/Qt5Gui/Qt5GuiConfig.cmake">
			<Option virtualFolder="CMake Files\..\..\..\Qt\5.6\mingw49_32\lib\cmake\Qt5Gui\"/>
		</Unit>
		<Unit filename="C:/Users/Alexa/Physics/../../../Qt/5.6/mingw49_32/lib/cmake/Qt5Gui/Qt5GuiConfigExtras.cmake">
			<Option virtualFolder="CMake Files\..\..\..\Qt\5.6\mingw49_32\lib\cmake\Qt5Gui\"/>
		</Unit>
		<Unit filename="C:/Users/Alexa/Physics/../../../Qt/5.6/mingw49_32/lib/cmake/Qt5Gui/Qt5GuiConfigVersion.cmake">
			<Option virtualFolder="CMake Files\..\..\..\Qt\5.6\mingw49_32\lib\cmake\Qt5Gui\"/>
		</Unit>
		<Unit filename="C:/Users/Alexa/Physics/../../../Qt/5.6/mingw49_32/lib/cmake/Qt5Gui/Qt5Gui_QDDSPlugin.cmake">
			<Option virtualFolder="CMake Files\..\..\..\Qt\5.6\mingw49_32\lib\cmake\Qt5Gui\"/>
		</Unit>
		<Unit filename="C:/Users/Alexa/Physics/../../../Qt/5.6/mingw49_32/lib/cmake/Qt5Gui/Qt5Gui_QGifPlugin.cmake">
			<Option virtualFolder="CMake Files\..\..\..\Qt\5.6\mingw49_32\lib\cmake\Qt5Gui\"/>
		</Unit>
		<Unit filename="C:/Users/Alexa/Physics/../../../Qt/5.6/mingw49_32/lib/cmake/Qt5Gui/Qt5Gui_QICNSPlugin.cmake">
			<Option virtualFolder="CMake Files\..\..\..\Qt\5.6\mingw49_32\lib\cmake\Qt5Gui\"/>
		</Unit>
		<Unit filename="C:/Users/Alexa/Physics/../../../Qt/5.6/mingw49_32/lib/cmake/Qt5Gui/Qt5Gui_QICOPlugin.cmake">
			<Option virtualFolder="CMake Files\..\..\..\Qt\5.6\mingw49_32\lib\cmake\Qt5Gui\"/>
		</Unit>
		<Unit filename="C:/Users/Alexa/Physics/../../../Qt/5.6/mingw49_32/lib/cmake/Qt5Gui/Qt5Gui_QJpegPlugin.cmake">
			<Option virtualFolder="CMake Files\..\..\..\Qt\5.6\mingw49_32\lib\cmake\Qt5Gui\"/>
		</Unit>
		<Unit filename="C:/Users/Alexa/Physics/../../../Qt/5.6/mingw49_32/lib/cmake/Qt5Gui/Qt5Gui_QMinimalIntegrationPlugin.cmake">
			<Option virtualFolder="CMake Files\..\..\..\Qt\5.6\mingw49_32\lib\cmake\Qt5Gui\"/>
		</Unit>
		<Unit filename="C:/Users/Alexa/Physics/../../../Qt/5.6/mingw49_32/lib/cmake/Qt5Gui/Qt5Gui_QOffscreenIntegrationPlugin.cmake">
			<Option virtualFolder="CMake Files\..\..\..\Qt\5.6\mingw49_32\lib\cmake\Qt5Gui\"/>
		</Unit>
		<Unit filename="C:/Users/Alexa/Physics/../../../Qt/5.6/mingw49_32/lib/cmake/Qt5Gui/Qt5Gui_QTgaPlugin.cmake">
			<Option virtualFolder="CMake Files\..\..\..\Qt\5.6\mingw49_32\lib\cmake\Qt5Gui\"/>
		</Unit>
		<Unit filename="C:/Users/Alexa/Physics/../../../Qt/5.6/mingw49_32/lib/cmake/Qt5Gui/Qt5Gui_QTiffPlugin.cmake">
			<Option virtualFolder="CMake Files\..\..\..\Qt\5.6\mingw49_32\lib\cmake\Qt5Gui\"/>
		</Unit>
		<Unit filename="C:/Users/Alexa/Physics/../../../Qt/5.6/mingw49_32/lib/cmake/Qt5Gui/Qt5Gui_QTuioTouchPlugin.cmake">
			<Option virtualFolder="CMake Files\..\..\..\Qt\5.6\mingw49_32\lib\cmake\Qt5Gui\"/>
		</Unit>
		<Unit filename="C:/Users/Alexa/Physics/../../../Qt/5.6/mingw49_32/lib/cmake/Qt5Gui/Qt5Gui_QWbmpPlugin.cmake">
			<Option virtualFolder="CMake Files\..\..\..\Qt\5.6\mingw49_32\lib\cmake\Qt5Gui\"/>
		</Unit>
		<Unit filename="C:/Users/Alexa/Physics/../../../Qt/5.6/mingw49_32/lib/cmake/Qt5Gui/Qt5Gui_QWebpPlugin.cmake">
			<Option virtualFolder="CMake Files\..\..\..\Qt\5.6\mingw49_32\lib\cmake\Qt5Gui\"/>
		</Unit>
		<Unit filename="C:/Users/Alexa/Physics/../../../Qt/5.6/mingw49_32/lib/cmake/Qt5Gui/Qt5Gui_QWindowsIntegrationPlugin.cmake">
			<Option virtualFolder="CMake Files\..\..\..\Qt\5.6\mingw49_32\lib\cmake\Qt5Gui\"/>
		</Unit>
		<Unit filename="C:/Users/Alexa/Physics/../../../Qt/5.6/mingw49_32/lib/cmake/Qt5Core/Qt5CoreConfig.cmake">
			<Option virtualFolder="CMake Files\..\..\..\Qt\5.6\mingw49_32\lib\cmake\Qt5Core\"/>
		</Unit>
		<Unit filename="C:/Users/Alexa/Physics/../../../Qt/5.6/mingw49_32/lib/cmake/Qt5Core/Qt5CoreConfigExtras.cmake">
			<Option virtualFolder="CMake Files\..\..\..\Qt\5.6\mingw49_32\lib\cmake\Qt5Core\"/>
		</Unit>
		<Unit filename="C:/Users/Alexa/Physics/../../../Qt/5.6/mingw49_32/lib/cmake/Qt5Core/Qt5CoreConfigExtrasMkspecDir.cmake">
			<Option virtualFolder="CMake Files\..\..\..\Qt\5.6\mingw49_32\lib\cmake\Qt5Core\"/>
		</Unit>
		<Unit filename="C:/Users/Alexa/Physics/../../../Qt/5.6/mingw49_32/lib/cmake/Qt5Core/Qt5CoreConfigVersion.cmake">
			<Option virtualFolder="CMake Files\..\..\..\Qt\5.6\mingw49_32\lib\cmake\Qt5Core\"/>
		</Unit>
		<Unit filename="C:/Users/Alexa/Physics/../../../Qt/5.6/mingw49_32/lib/cmake/Qt5Core/Qt5CoreMacros.cmake">
			<Option virtualFolder="CMake Files\..\..\..\Qt\5.6\mingw49_32\lib\cmake\Qt5Core\"/>
		</Unit>
		<Unit filename="C:/Users/Alexa/Physics/../../../Qt/5.6/mingw49_32/lib/cmake/Qt5PrintSupport/Qt5PrintSupportConfig.cmake">
			<Option virtualFolder="CMake Files\..\..\..\Qt\5.6\mingw49_32\lib\cmake\Qt5PrintSupport\"/>
		</Unit>
		<Unit filename="C:/Users/Alexa/Physics/../../../Qt/5.6/mingw49_32/lib/cmake/Qt5PrintSupport/Qt5PrintSupportConfigVersion.cmake">
			<Option virtualFolder="CMake Files\..\..\..\Qt\5.6\mingw49_32\lib\cmake\Qt5PrintSupport\"/>
		</Unit>
		<Unit filename="C:/Users/Alexa/Physics/../../../Qt/5.6/mingw49_32/lib/cmake/Qt5PrintSupport/Qt5PrintSupport_QWindowsPrinterSupportPlugin.cmake">
			<Option virtualFolder="CMake Files\..\..\..\Qt\5.6\mingw49_32\lib\cmake\Qt5PrintSupport\"/>
		</Unit>
		<Unit filename="C:/Users/Alexa/Physics/ClassCluster/CMakeLists.txt">
			<Option virtualFolder="CMake Files\ClassCluster\"/>
		</Unit>
		<Unit filename="C:/Users/Alexa/Physics/ClassCluster/ClassCluster/CMakeLists.txt">
			<Option virtualFolder="CMake Files\ClassCluster\ClassCluster\"/>
		</Unit>
	</Project>
</CodeBlocks_project_file>
